
Microsoft Visual Studio Solution File, Format Version 12.00
# Visual Studio Version 16
VisualStudioVersion = 16.0.31005.135
MinimumVisualStudioVersion = 10.0.40219.1
Project("{FAE04EC0-301F-11D3-BF4B-00C04F79EFBC}") = "MyWebServer", "ConsoleApp1\MyWebServer.csproj", "{712CE7BB-CDCB-4FE8-A638-CBD58DB4819D}"
EndProject
Global
	GlobalSection(SolutionConfigurationPlatforms) = preSolution
		Debug|Any CPU = Debug|Any CPU
		Release|Any CPU = Release|Any CPU
	EndGlobalSection
	GlobalSection(ProjectConfigurationPlatforms) = postSolution
		{712CE7BB-CDCB-4FE8-A638-CBD58DB4819D}.Debug|Any CPU.ActiveCfg = Debug|Any CPU
		{712CE7BB-CDCB-4FE8-A638-CBD58DB4819D}.Debug|Any CPU.Build.0 = Debug|Any CPU
		{712CE7BB-CDCB-4FE8-A638-CBD58DB4819D}.Release|Any CPU.ActiveCfg = Release|Any CPU
		{712CE7BB-CDCB-4FE8-A638-CBD58DB4819D}.Release|Any CPU.Build.0 = Release|Any CPU
	EndGlobalSection
	GlobalSection(SolutionProperties) = preSolution
		HideSolutionNode = FALSE
	EndGlobalSection
	GlobalSection(ExtensibilityGlobals) = postSolution
		SolutionGuid = {1913177E-A44F-4300-9739-D374B54653AA}
	EndGlobalSection
EndGlobal
