
Microsoft Visual Studio Solution File, Format Version 12.00
# Visual Studio Version 16
VisualStudioVersion = 16.0.31005.135
MinimumVisualStudioVersion = 10.0.40219.1
Project("{FAE04EC0-301F-11D3-BF4B-00C04F79EFBC}") = "Chronometer", "ConsoleApp1\Chronometer.csproj", "{635987A2-C994-488F-ABE4-3E75D8E7A55C}"
EndProject
Project("{FAE04EC0-301F-11D3-BF4B-00C04F79EFBC}") = "ConsoleApp2", "ConsoleApp2\ConsoleApp2.csproj", "{5BAF6388-04F1-475A-8F6A-B8757F213796}"
EndProject
Global
	GlobalSection(SolutionConfigurationPlatforms) = preSolution
		Debug|Any CPU = Debug|Any CPU
		Release|Any CPU = Release|Any CPU
	EndGlobalSection
	GlobalSection(ProjectConfigurationPlatforms) = postSolution
		{635987A2-C994-488F-ABE4-3E75D8E7A55C}.Debug|Any CPU.ActiveCfg = Debug|Any CPU
		{635987A2-C994-488F-ABE4-3E75D8E7A55C}.Debug|Any CPU.Build.0 = Debug|Any CPU
		{635987A2-C994-488F-ABE4-3E75D8E7A55C}.Release|Any CPU.ActiveCfg = Release|Any CPU
		{635987A2-C994-488F-ABE4-3E75D8E7A55C}.Release|Any CPU.Build.0 = Release|Any CPU
		{5BAF6388-04F1-475A-8F6A-B8757F213796}.Debug|Any CPU.ActiveCfg = Debug|Any CPU
		{5BAF6388-04F1-475A-8F6A-B8757F213796}.Debug|Any CPU.Build.0 = Debug|Any CPU
		{5BAF6388-04F1-475A-8F6A-B8757F213796}.Release|Any CPU.ActiveCfg = Release|Any CPU
		{5BAF6388-04F1-475A-8F6A-B8757F213796}.Release|Any CPU.Build.0 = Release|Any CPU
	EndGlobalSection
	GlobalSection(SolutionProperties) = preSolution
		HideSolutionNode = FALSE
	EndGlobalSection
	GlobalSection(ExtensibilityGlobals) = postSolution
		SolutionGuid = {0B702535-F4D0-448B-A137-13229399D781}
	EndGlobalSection
EndGlobal
